{
  "name": "ses-smtp-credentials-cdk",
  "version": "1.0.0",
  "lockfileVersion": 1,
  "requires": true,
  "dependencies": {
    "@aws-cdk/assets": {
      "version": "1.31.0",
      "resolved": "https://registry.npmjs.org/@aws-cdk/assets/-/assets-1.31.0.tgz",
      "integrity": "sha512-sp/ix+5tQkEjicGlsBtpAzfTHr9ltjgd9NQvk+Vv/NPoyu7kPNsVVZ/gMOZgxuPAfBWYMhCRPKS3x0dV9/LJRA==",
      "dev": true,
      "requires": {
        "@aws-cdk/core": "1.31.0",
        "@aws-cdk/cx-api": "1.31.0",
        "constructs": "^2.0.0",
        "minimatch": "^3.0.4"
      },
      "dependencies": {
        "balanced-match": {
          "version": "1.0.0",
          "bundled": true,
          "dev": true
        },
        "brace-expansion": {
          "version": "1.1.11",
          "bundled": true,
          "dev": true,
          "requires": {
            "balanced-match": "^1.0.0",
            "concat-map": "0.0.1"
          }
        },
        "concat-map": {
          "version": "0.0.1",
          "bundled": true,
          "dev": true
        },
        "minimatch": {
          "version": "3.0.4",
          "bundled": true,
          "dev": true,
          "requires": {
            "brace-expansion": "^1.1.7"
          }
        }
      }
    },
    "@aws-cdk/aws-apigateway": {
      "version": "1.31.0",
      "resolved": "https://registry.npmjs.org/@aws-cdk/aws-apigateway/-/aws-apigateway-1.31.0.tgz",
      "integrity": "sha512-mZcir5rQlmaEY5Kcppnl28NBmhwO98XD6GKBWmqNQP0uSmflrxOI99DZyoDK+Zie3yJxGUTSqbs7aZAK6+XDKA==",
      "dev": true,
      "requires": {
        "@aws-cdk/aws-certificatemanager": "1.31.0",
        "@aws-cdk/aws-ec2": "1.31.0",
        "@aws-cdk/aws-elasticloadbalancingv2": "1.31.0",
        "@aws-cdk/aws-iam": "1.31.0",
        "@aws-cdk/aws-lambda": "1.31.0",
        "@aws-cdk/core": "1.31.0",
        "constructs": "^2.0.0"
      }
    },
    "@aws-cdk/aws-applicationautoscaling": {
      "version": "1.31.0",
      "resolved": "https://registry.npmjs.org/@aws-cdk/aws-applicationautoscaling/-/aws-applicationautoscaling-1.31.0.tgz",
      "integrity": "sha512-pjZS/d/H0OHzH/zJjv8PrH+G/YlRVe7nxsC6DTTIpZE3+/zMpAyXdNG7rTM+xh6XJtFZgejSClwDib25sGRXcg==",
      "dev": true,
      "requires": {
        "@aws-cdk/aws-autoscaling-common": "1.31.0",
        "@aws-cdk/aws-cloudwatch": "1.31.0",
        "@aws-cdk/aws-iam": "1.31.0",
        "@aws-cdk/core": "1.31.0",
        "constructs": "^2.0.0"
      }
    },
    "@aws-cdk/aws-autoscaling": {
      "version": "1.31.0",
      "resolved": "https://registry.npmjs.org/@aws-cdk/aws-autoscaling/-/aws-autoscaling-1.31.0.tgz",
      "integrity": "sha512-/H27gs+KeZuGjZRqxCIXKF7A/YPcw3/QCq2O8+8Our7U7+NbF59O1Isy9/aDdrFK1TLK+0EpBIOmTmeP2OMseA==",
      "dev": true,
      "requires": {
        "@aws-cdk/aws-autoscaling-common": "1.31.0",
        "@aws-cdk/aws-cloudwatch": "1.31.0",
        "@aws-cdk/aws-ec2": "1.31.0",
        "@aws-cdk/aws-elasticloadbalancing": "1.31.0",
        "@aws-cdk/aws-elasticloadbalancingv2": "1.31.0",
        "@aws-cdk/aws-iam": "1.31.0",
        "@aws-cdk/aws-sns": "1.31.0",
        "@aws-cdk/core": "1.31.0",
        "constructs": "^2.0.0"
      }
    },
    "@aws-cdk/aws-autoscaling-common": {
      "version": "1.31.0",
      "resolved": "https://registry.npmjs.org/@aws-cdk/aws-autoscaling-common/-/aws-autoscaling-common-1.31.0.tgz",
      "integrity": "sha512-C5viHBAhtdRpJAf15Kza8GVYxvCN8b57p4e23QCCNG3P9dRFKIy9uggUydhXITJguMvgWxHCCX9Oy1EsYssThg==",
      "dev": true,
      "requires": {
        "@aws-cdk/aws-iam": "1.31.0",
        "@aws-cdk/core": "1.31.0",
        "constructs": "^2.0.0"
      }
    },
    "@aws-cdk/aws-autoscaling-hooktargets": {
      "version": "1.31.0",
      "resolved": "https://registry.npmjs.org/@aws-cdk/aws-autoscaling-hooktargets/-/aws-autoscaling-hooktargets-1.31.0.tgz",
      "integrity": "sha512-5LV/W1oP8CDVwfDA2JieOAHKfq5E/WTU8z90w1i2ffgh872EAUhT4z36gpJb3R1LL9+YspHDCvillIBmcD2N1w==",
      "dev": true,
      "requires": {
        "@aws-cdk/aws-autoscaling": "1.31.0",
        "@aws-cdk/aws-iam": "1.31.0",
        "@aws-cdk/aws-lambda": "1.31.0",
        "@aws-cdk/aws-sns": "1.31.0",
        "@aws-cdk/aws-sns-subscriptions": "1.31.0",
        "@aws-cdk/aws-sqs": "1.31.0",
        "@aws-cdk/core": "1.31.0",
        "constructs": "^2.0.0"
      }
    },
    "@aws-cdk/aws-batch": {
      "version": "1.31.0",
      "resolved": "https://registry.npmjs.org/@aws-cdk/aws-batch/-/aws-batch-1.31.0.tgz",
      "integrity": "sha512-YWTti5ulHJFAeV59x1jJf8Ts1NtFdd1FrjVKHUwQzfcakl+qOCrESqe0Bsrnk5nOb3Z4hBn6wJ3qcZNLLcOygA==",
      "dev": true,
      "requires": {
        "@aws-cdk/aws-ec2": "1.31.0",
        "@aws-cdk/aws-ecr": "1.31.0",
        "@aws-cdk/aws-ecs": "1.31.0",
        "@aws-cdk/aws-iam": "1.31.0",
        "@aws-cdk/core": "1.31.0",
        "constructs": "^2.0.0"
      }
    },
    "@aws-cdk/aws-certificatemanager": {
      "version": "1.31.0",
      "resolved": "https://registry.npmjs.org/@aws-cdk/aws-certificatemanager/-/aws-certificatemanager-1.31.0.tgz",
      "integrity": "sha512-/9M1rP51ULZJG0kGOGdj9NTmV34BE+gE0aLodMS9o+LYZIXqO09lQ5UZuBsWno/MZInOVEQ2BtvB3Mq+e2cltQ==",
      "dev": true,
      "requires": {
        "@aws-cdk/aws-cloudformation": "1.31.0",
        "@aws-cdk/aws-iam": "1.31.0",
        "@aws-cdk/aws-lambda": "1.31.0",
        "@aws-cdk/aws-route53": "1.31.0",
        "@aws-cdk/core": "1.31.0",
        "constructs": "^2.0.0"
      }
    },
    "@aws-cdk/aws-cloudformation": {
      "version": "1.31.0",
      "resolved": "https://registry.npmjs.org/@aws-cdk/aws-cloudformation/-/aws-cloudformation-1.31.0.tgz",
      "integrity": "sha512-jFoHL+JTlXJcuLlbOfaGpNyvyumDhDPVB6TSwY9EiSnuvuD+4/qH2NP+ihQ16Iz4XyQZ9SCZKe8C18xjVLIryg==",
      "dev": true,
      "requires": {
        "@aws-cdk/aws-iam": "1.31.0",
        "@aws-cdk/aws-lambda": "1.31.0",
        "@aws-cdk/aws-s3": "1.31.0",
        "@aws-cdk/aws-sns": "1.31.0",
        "@aws-cdk/core": "1.31.0",
        "@aws-cdk/cx-api": "1.31.0",
        "constructs": "^2.0.0"
      }
    },
    "@aws-cdk/aws-cloudfront": {
      "version": "1.31.0",
      "resolved": "https://registry.npmjs.org/@aws-cdk/aws-cloudfront/-/aws-cloudfront-1.31.0.tgz",
      "integrity": "sha512-q0JbVdIXV4ies1o8xoLO6rPTQy3bDivjstu6+ydg6h6qnihZqWZ6WBK50OyoScDeaJa02PAZqJJHEeaBPZzMwg==",
      "dev": true,
      "requires": {
        "@aws-cdk/aws-certificatemanager": "1.31.0",
        "@aws-cdk/aws-iam": "1.31.0",
        "@aws-cdk/aws-kms": "1.31.0",
        "@aws-cdk/aws-lambda": "1.31.0",
        "@aws-cdk/aws-s3": "1.31.0",
        "@aws-cdk/core": "1.31.0",
        "constructs": "^2.0.0"
      }
    },
    "@aws-cdk/aws-cloudwatch": {
      "version": "1.31.0",
      "resolved": "https://registry.npmjs.org/@aws-cdk/aws-cloudwatch/-/aws-cloudwatch-1.31.0.tgz",
      "integrity": "sha512-gnpfBd8jfvUPgHGxOGiDToIB0ZAUmsI6H7cY234OF+L+QT9LWCV1DBf74U1JNI/QtKyuM50ss0DWUy7Kcgk2Bw==",
      "dev": true,
      "requires": {
        "@aws-cdk/aws-iam": "1.31.0",
        "@aws-cdk/core": "1.31.0",
        "constructs": "^2.0.0"
      }
    },
    "@aws-cdk/aws-ec2": {
      "version": "1.31.0",
      "resolved": "https://registry.npmjs.org/@aws-cdk/aws-ec2/-/aws-ec2-1.31.0.tgz",
      "integrity": "sha512-KSepWoJiz0/9zmF5RPskUxgupJJ5fuaczHrAU2lisM7xqGV5h/k0Y7Dj/1VDt4Q4fhws7OuK4W15AtvSmpSlNA==",
      "dev": true,
      "requires": {
        "@aws-cdk/aws-cloudwatch": "1.31.0",
        "@aws-cdk/aws-iam": "1.31.0",
        "@aws-cdk/aws-logs": "1.31.0",
        "@aws-cdk/aws-s3": "1.31.0",
        "@aws-cdk/aws-ssm": "1.31.0",
        "@aws-cdk/core": "1.31.0",
        "@aws-cdk/cx-api": "1.31.0",
        "constructs": "^2.0.0"
      }
    },
    "@aws-cdk/aws-ecr": {
      "version": "1.31.0",
      "resolved": "https://registry.npmjs.org/@aws-cdk/aws-ecr/-/aws-ecr-1.31.0.tgz",
      "integrity": "sha512-/PiLU/uiwOmMC/+bZZKdF5dTj1o38AXU91um7uvVPYyANaRkzPMDxJQ7cnxBLAWhPB1AeXwEdoFtTbvGo3CDFw==",
      "dev": true,
      "requires": {
        "@aws-cdk/aws-events": "1.31.0",
        "@aws-cdk/aws-iam": "1.31.0",
        "@aws-cdk/core": "1.31.0",
        "constructs": "^2.0.0"
      }
    },
    "@aws-cdk/aws-ecr-assets": {
      "version": "1.31.0",
      "resolved": "https://registry.npmjs.org/@aws-cdk/aws-ecr-assets/-/aws-ecr-assets-1.31.0.tgz",
      "integrity": "sha512-rPQgu59rNBnbeLp0Sf2SGeUZVaJVk+hqL58ul6XnemeYgKE0quNON96I7BRW0mZVBXTZ2AjRtC+RN6vCXVFb2A==",
      "dev": true,
      "requires": {
        "@aws-cdk/assets": "1.31.0",
        "@aws-cdk/aws-cloudformation": "1.31.0",
        "@aws-cdk/aws-ecr": "1.31.0",
        "@aws-cdk/aws-iam": "1.31.0",
        "@aws-cdk/aws-lambda": "1.31.0",
        "@aws-cdk/aws-s3": "1.31.0",
        "@aws-cdk/core": "1.31.0",
        "@aws-cdk/cx-api": "1.31.0",
        "constructs": "^2.0.0",
        "minimatch": "^3.0.4"
      },
      "dependencies": {
        "balanced-match": {
          "version": "1.0.0",
          "bundled": true,
          "dev": true
        },
        "brace-expansion": {
          "version": "1.1.11",
          "bundled": true,
          "dev": true,
          "requires": {
            "balanced-match": "^1.0.0",
            "concat-map": "0.0.1"
          }
        },
        "concat-map": {
          "version": "0.0.1",
          "bundled": true,
          "dev": true
        },
        "minimatch": {
          "version": "3.0.4",
          "bundled": true,
          "dev": true,
          "requires": {
            "brace-expansion": "^1.1.7"
          }
        }
      }
    },
    "@aws-cdk/aws-ecs": {
      "version": "1.31.0",
      "resolved": "https://registry.npmjs.org/@aws-cdk/aws-ecs/-/aws-ecs-1.31.0.tgz",
      "integrity": "sha512-X4yynkvR01YBTCE301jm+ouTifIBpWrA15E5uKCXOhGrfWqDpdHNS6m3m4xcHGXTH78AkKHLcvocBryZJWNTHQ==",
      "dev": true,
      "requires": {
        "@aws-cdk/aws-applicationautoscaling": "1.31.0",
        "@aws-cdk/aws-autoscaling": "1.31.0",
        "@aws-cdk/aws-autoscaling-hooktargets": "1.31.0",
        "@aws-cdk/aws-certificatemanager": "1.31.0",
        "@aws-cdk/aws-cloudformation": "1.31.0",
        "@aws-cdk/aws-cloudwatch": "1.31.0",
        "@aws-cdk/aws-ec2": "1.31.0",
        "@aws-cdk/aws-ecr": "1.31.0",
        "@aws-cdk/aws-ecr-assets": "1.31.0",
        "@aws-cdk/aws-elasticloadbalancing": "1.31.0",
        "@aws-cdk/aws-elasticloadbalancingv2": "1.31.0",
        "@aws-cdk/aws-iam": "1.31.0",
        "@aws-cdk/aws-lambda": "1.31.0",
        "@aws-cdk/aws-logs": "1.31.0",
        "@aws-cdk/aws-route53": "1.31.0",
        "@aws-cdk/aws-route53-targets": "1.31.0",
        "@aws-cdk/aws-secretsmanager": "1.31.0",
        "@aws-cdk/aws-servicediscovery": "1.31.0",
        "@aws-cdk/aws-sns": "1.31.0",
        "@aws-cdk/aws-sqs": "1.31.0",
        "@aws-cdk/aws-ssm": "1.31.0",
        "@aws-cdk/core": "1.31.0",
        "@aws-cdk/cx-api": "1.31.0",
        "constructs": "^2.0.0"
      }
    },
    "@aws-cdk/aws-elasticloadbalancing": {
      "version": "1.31.0",
      "resolved": "https://registry.npmjs.org/@aws-cdk/aws-elasticloadbalancing/-/aws-elasticloadbalancing-1.31.0.tgz",
      "integrity": "sha512-lJEeqgTjHI+I9qiMQf6Ic2GQsQFtwZCiIviRo6YTFPJ0BwpLSrazObyElROLmkknmRD6TSaC8ZJqhfTuMJHoMw==",
      "dev": true,
      "requires": {
        "@aws-cdk/aws-ec2": "1.31.0",
        "@aws-cdk/core": "1.31.0",
        "constructs": "^2.0.0"
      }
    },
    "@aws-cdk/aws-elasticloadbalancingv2": {
      "version": "1.31.0",
      "resolved": "https://registry.npmjs.org/@aws-cdk/aws-elasticloadbalancingv2/-/aws-elasticloadbalancingv2-1.31.0.tgz",
      "integrity": "sha512-Arld9blEl2ZTLj293FWaJvfpkaEKRBZBUp9ky7jGLJciY9JKYjTMwCNzGb+Eveuh8X7uhKL1A1OW2Kj+UEHNLg==",
      "dev": true,
      "requires": {
        "@aws-cdk/aws-certificatemanager": "1.31.0",
        "@aws-cdk/aws-cloudwatch": "1.31.0",
        "@aws-cdk/aws-ec2": "1.31.0",
        "@aws-cdk/aws-iam": "1.31.0",
        "@aws-cdk/aws-lambda": "1.31.0",
        "@aws-cdk/aws-s3": "1.31.0",
        "@aws-cdk/core": "1.31.0",
        "constructs": "^2.0.0"
      }
    },
    "@aws-cdk/aws-events": {
      "version": "1.31.0",
      "resolved": "https://registry.npmjs.org/@aws-cdk/aws-events/-/aws-events-1.31.0.tgz",
      "integrity": "sha512-FuBDtelg+KM13ssiHXHX6zLqAOlUO6ZWsmQpG6X9656gFLXT0boJ4PunNONNk2LEAfGOAl0IvpVNxJBkj3zOeA==",
      "dev": true,
      "requires": {
        "@aws-cdk/aws-iam": "1.31.0",
        "@aws-cdk/core": "1.31.0",
        "constructs": "^2.0.0"
      }
    },
    "@aws-cdk/aws-glue": {
      "version": "1.31.0",
      "resolved": "https://registry.npmjs.org/@aws-cdk/aws-glue/-/aws-glue-1.31.0.tgz",
      "integrity": "sha512-zPwjFYphb1HEnSI76JSWlh/E9VplG6aan6wehJv7ebuLmC0YMkp36j9EWoU3kM0S5nwu3vkWN42NX2t8ZFfv0A==",
      "dev": true,
      "requires": {
        "@aws-cdk/aws-iam": "1.31.0",
        "@aws-cdk/aws-kms": "1.31.0",
        "@aws-cdk/aws-s3": "1.31.0",
        "@aws-cdk/core": "1.31.0",
        "constructs": "^2.0.0"
      }
    },
    "@aws-cdk/aws-iam": {
      "version": "1.31.0",
      "resolved": "https://registry.npmjs.org/@aws-cdk/aws-iam/-/aws-iam-1.31.0.tgz",
      "integrity": "sha512-GPHEkTloJ0XiJQ2kHu4R/vx2OIEYmRvsszPp9XAQBgkq2rF8GxBIXT9bhS0TGDYZ6Tqb2lzIg+iR5K4r/2n4nw==",
      "dev": true,
      "requires": {
        "@aws-cdk/core": "1.31.0",
        "@aws-cdk/region-info": "1.31.0",
        "constructs": "^2.0.0"
      }
    },
    "@aws-cdk/aws-kms": {
      "version": "1.31.0",
      "resolved": "https://registry.npmjs.org/@aws-cdk/aws-kms/-/aws-kms-1.31.0.tgz",
      "integrity": "sha512-fULWXyxtKpnBn0PyytuPLABAwklDDTfjBmUb0Ado8bSIave0fN5cnilhXv6btIMWQPMx5H9Z/RFD4pq8SwBlXQ==",
      "dev": true,
      "requires": {
        "@aws-cdk/aws-iam": "1.31.0",
        "@aws-cdk/core": "1.31.0",
        "constructs": "^2.0.0"
      }
    },
    "@aws-cdk/aws-lambda": {
      "version": "1.31.0",
      "resolved": "https://registry.npmjs.org/@aws-cdk/aws-lambda/-/aws-lambda-1.31.0.tgz",
      "integrity": "sha512-OlnxB+IHH0VQNR2hzgZ5Vg277NTP4PJe18XjLsBorN/gujMtVWfXhOuB02+hGr4KOyJGTlCMiB14cZFBWd0pEA==",
      "dev": true,
      "requires": {
        "@aws-cdk/aws-cloudwatch": "1.31.0",
        "@aws-cdk/aws-ec2": "1.31.0",
        "@aws-cdk/aws-events": "1.31.0",
        "@aws-cdk/aws-iam": "1.31.0",
        "@aws-cdk/aws-logs": "1.31.0",
        "@aws-cdk/aws-s3": "1.31.0",
        "@aws-cdk/aws-s3-assets": "1.31.0",
        "@aws-cdk/aws-sqs": "1.31.0",
        "@aws-cdk/core": "1.31.0",
        "@aws-cdk/cx-api": "1.31.0",
        "constructs": "^2.0.0"
      }
    },
    "@aws-cdk/aws-logs": {
      "version": "1.31.0",
      "resolved": "https://registry.npmjs.org/@aws-cdk/aws-logs/-/aws-logs-1.31.0.tgz",
      "integrity": "sha512-efw9m5IUe01+GUs00pDLHgK+L7pWyn3wwNiZs+nm9l+Wm5lNLHWZdy/rx3z5ISc6PSJG/Y+uKpFyb7hSb25W9Q==",
      "dev": true,
      "requires": {
        "@aws-cdk/aws-cloudwatch": "1.31.0",
        "@aws-cdk/aws-iam": "1.31.0",
        "@aws-cdk/core": "1.31.0",
        "constructs": "^2.0.0"
      }
    },
    "@aws-cdk/aws-route53": {
      "version": "1.31.0",
      "resolved": "https://registry.npmjs.org/@aws-cdk/aws-route53/-/aws-route53-1.31.0.tgz",
      "integrity": "sha512-Lx4EjjW3kt5hQ0cZuw0HlOtA6B2Z+DD1RJAFhVpwBClbA59xf2/Ry0yKnyDeQzkDcosf3k758VEpZwSELMY8yw==",
      "dev": true,
      "requires": {
        "@aws-cdk/aws-ec2": "1.31.0",
        "@aws-cdk/aws-logs": "1.31.0",
        "@aws-cdk/core": "1.31.0",
        "@aws-cdk/cx-api": "1.31.0",
        "constructs": "^2.0.0"
      }
    },
    "@aws-cdk/aws-route53-targets": {
      "version": "1.31.0",
      "resolved": "https://registry.npmjs.org/@aws-cdk/aws-route53-targets/-/aws-route53-targets-1.31.0.tgz",
      "integrity": "sha512-cs7LMvPgBmnUvagrYI1qKsTUe7r3/jI2QgaPHsYY7R83iZh8H3HNJ/adp0vT55fvFT0MeNsHbbnqSAIFgFTFMg==",
      "dev": true,
      "requires": {
        "@aws-cdk/aws-apigateway": "1.31.0",
        "@aws-cdk/aws-cloudfront": "1.31.0",
        "@aws-cdk/aws-ec2": "1.31.0",
        "@aws-cdk/aws-elasticloadbalancing": "1.31.0",
        "@aws-cdk/aws-elasticloadbalancingv2": "1.31.0",
        "@aws-cdk/aws-iam": "1.31.0",
        "@aws-cdk/aws-route53": "1.31.0",
        "@aws-cdk/aws-s3": "1.31.0",
        "@aws-cdk/core": "1.31.0",
        "@aws-cdk/region-info": "1.31.0",
        "constructs": "^2.0.0"
      }
    },
    "@aws-cdk/aws-s3": {
      "version": "1.31.0",
      "resolved": "https://registry.npmjs.org/@aws-cdk/aws-s3/-/aws-s3-1.31.0.tgz",
      "integrity": "sha512-3uP0X69/Nsl09Q3mLak0yPjVjjLAUuqtR0685GTajTpipBFCrIeZ24c01ahw3wPC9oDzmwvBEWUtlkZVco9dBQ==",
      "dev": true,
      "requires": {
        "@aws-cdk/aws-events": "1.31.0",
        "@aws-cdk/aws-iam": "1.31.0",
        "@aws-cdk/aws-kms": "1.31.0",
        "@aws-cdk/core": "1.31.0",
        "constructs": "^2.0.0"
      }
    },
    "@aws-cdk/aws-s3-assets": {
      "version": "1.31.0",
      "resolved": "https://registry.npmjs.org/@aws-cdk/aws-s3-assets/-/aws-s3-assets-1.31.0.tgz",
      "integrity": "sha512-R+8OEcXcSk8bRSezaRBzijWr1Def6yJZ2gPJpEdSjLW4Ts3wzoL2HvFZlxMT5neKw5WANvTLX4v8hoyDcFA8eg==",
      "dev": true,
      "requires": {
        "@aws-cdk/assets": "1.31.0",
        "@aws-cdk/aws-iam": "1.31.0",
        "@aws-cdk/aws-s3": "1.31.0",
        "@aws-cdk/core": "1.31.0",
        "@aws-cdk/cx-api": "1.31.0",
        "constructs": "^2.0.0"
      }
    },
    "@aws-cdk/aws-sam": {
      "version": "1.31.0",
      "resolved": "https://registry.npmjs.org/@aws-cdk/aws-sam/-/aws-sam-1.31.0.tgz",
      "integrity": "sha512-faeN9qq+tHT1wN2RJQj7t5g4MRXvU363ngUgSmeLKY2Fa5jlu2cIUVpJEQF/GIi+fKTEVLXheoxZNAOLYJytZg==",
      "dev": true,
      "requires": {
        "@aws-cdk/core": "1.31.0",
        "constructs": "^2.0.0"
      }
    },
    "@aws-cdk/aws-secretsmanager": {
      "version": "1.31.0",
      "resolved": "https://registry.npmjs.org/@aws-cdk/aws-secretsmanager/-/aws-secretsmanager-1.31.0.tgz",
      "integrity": "sha512-cjbakM7FRXggXsVJw4qnoqOuwV063+NFU1U1rT6pu9vBLaco63DsnXHdEHuVwbZDjyWTKllnmb2fCIb3JwW2DQ==",
      "dev": true,
      "requires": {
        "@aws-cdk/aws-ec2": "1.31.0",
        "@aws-cdk/aws-iam": "1.31.0",
        "@aws-cdk/aws-kms": "1.31.0",
        "@aws-cdk/aws-lambda": "1.31.0",
        "@aws-cdk/aws-sam": "1.31.0",
        "@aws-cdk/core": "1.31.0",
        "constructs": "^2.0.0"
      }
    },
    "@aws-cdk/aws-servicediscovery": {
      "version": "1.31.0",
      "resolved": "https://registry.npmjs.org/@aws-cdk/aws-servicediscovery/-/aws-servicediscovery-1.31.0.tgz",
      "integrity": "sha512-8scDMPSmjph1lnsuYFaMX8Si8AH+s7w4FOmR/ScgHuwP4qCkBLxwYKFGo8JpdLkqlVE5vJ4rPUtZBzywtOv8cQ==",
      "dev": true,
      "requires": {
        "@aws-cdk/aws-ec2": "1.31.0",
        "@aws-cdk/aws-elasticloadbalancingv2": "1.31.0",
        "@aws-cdk/aws-route53": "1.31.0",
        "@aws-cdk/core": "1.31.0",
        "constructs": "^2.0.0"
      }
    },
    "@aws-cdk/aws-sns": {
      "version": "1.31.0",
      "resolved": "https://registry.npmjs.org/@aws-cdk/aws-sns/-/aws-sns-1.31.0.tgz",
      "integrity": "sha512-hjgcGw04nQC51WcCHCcsAD64IUOQZj3fnp950NXZnXFCKguFBobTU8kYapJ33zGSfyT1Te9wpZpaDcYiAOFOLQ==",
      "dev": true,
      "requires": {
        "@aws-cdk/aws-cloudwatch": "1.31.0",
        "@aws-cdk/aws-events": "1.31.0",
        "@aws-cdk/aws-iam": "1.31.0",
        "@aws-cdk/aws-kms": "1.31.0",
        "@aws-cdk/core": "1.31.0",
        "constructs": "^2.0.0"
      }
    },
    "@aws-cdk/aws-sns-subscriptions": {
      "version": "1.31.0",
      "resolved": "https://registry.npmjs.org/@aws-cdk/aws-sns-subscriptions/-/aws-sns-subscriptions-1.31.0.tgz",
      "integrity": "sha512-Zl/Vbz/tIzXM3oHtSS6NYOXuG5TU3wMZ7V2CVCYEneSCl80uJqu3Ftb2FQcy+oh0RjPQ+C6clbXkStzRS/xsuA==",
      "dev": true,
      "requires": {
        "@aws-cdk/aws-iam": "1.31.0",
        "@aws-cdk/aws-lambda": "1.31.0",
        "@aws-cdk/aws-sns": "1.31.0",
        "@aws-cdk/aws-sqs": "1.31.0",
        "@aws-cdk/core": "1.31.0",
        "constructs": "^2.0.0"
      }
    },
    "@aws-cdk/aws-sqs": {
      "version": "1.31.0",
      "resolved": "https://registry.npmjs.org/@aws-cdk/aws-sqs/-/aws-sqs-1.31.0.tgz",
      "integrity": "sha512-bGDfLULB3fuqbLDJw8qGe/L/AwTcWAHAQVaC00Yu+ZwHWJD5Z4dblxHsH5AC0Qk8qkfmy/EJvFuc2jUdzjh/Gw==",
      "dev": true,
      "requires": {
        "@aws-cdk/aws-cloudwatch": "1.31.0",
        "@aws-cdk/aws-iam": "1.31.0",
        "@aws-cdk/aws-kms": "1.31.0",
        "@aws-cdk/core": "1.31.0",
        "constructs": "^2.0.0"
      }
    },
    "@aws-cdk/aws-ssm": {
      "version": "1.31.0",
      "resolved": "https://registry.npmjs.org/@aws-cdk/aws-ssm/-/aws-ssm-1.31.0.tgz",
      "integrity": "sha512-gvSy8POIwuNEoW6igebvCO0FQ8B38mmrJc3247p3bEicLG9sxRKYvYItTUncFb69HbcwI8VPfJW+l13bE+EZAw==",
      "dev": true,
      "requires": {
        "@aws-cdk/aws-iam": "1.31.0",
        "@aws-cdk/aws-kms": "1.31.0",
        "@aws-cdk/core": "1.31.0",
        "@aws-cdk/cx-api": "1.31.0",
        "constructs": "^2.0.0"
      }
    },
    "@aws-cdk/aws-stepfunctions": {
      "version": "1.31.0",
      "resolved": "https://registry.npmjs.org/@aws-cdk/aws-stepfunctions/-/aws-stepfunctions-1.31.0.tgz",
      "integrity": "sha512-DYtgttzkdPWcTidtdZ5DkAA3nhqRexmUYvROHYHAFw48gb6gPTHIcCRSZ5UWPP57nuckROHnmOwz73K/7+fMNw==",
      "dev": true,
      "requires": {
        "@aws-cdk/aws-cloudwatch": "1.31.0",
        "@aws-cdk/aws-events": "1.31.0",
        "@aws-cdk/aws-iam": "1.31.0",
        "@aws-cdk/core": "1.31.0",
        "constructs": "^2.0.0"
      }
    },
    "@aws-cdk/aws-stepfunctions-tasks": {
      "version": "1.31.0",
      "resolved": "https://registry.npmjs.org/@aws-cdk/aws-stepfunctions-tasks/-/aws-stepfunctions-tasks-1.31.0.tgz",
      "integrity": "sha512-3JaSrSrkVy7D7yY+aDWczcJMMmYiZQmm8ukWxUKlfiw+j1j99ivUjWruBroLWSnuQRU2OWrp7wpUR3dR1+o1jw==",
      "dev": true,
      "requires": {
        "@aws-cdk/assets": "1.31.0",
        "@aws-cdk/aws-batch": "1.31.0",
        "@aws-cdk/aws-cloudwatch": "1.31.0",
        "@aws-cdk/aws-ec2": "1.31.0",
        "@aws-cdk/aws-ecr": "1.31.0",
        "@aws-cdk/aws-ecr-assets": "1.31.0",
        "@aws-cdk/aws-ecs": "1.31.0",
        "@aws-cdk/aws-glue": "1.31.0",
        "@aws-cdk/aws-iam": "1.31.0",
        "@aws-cdk/aws-kms": "1.31.0",
        "@aws-cdk/aws-lambda": "1.31.0",
        "@aws-cdk/aws-s3": "1.31.0",
        "@aws-cdk/aws-sns": "1.31.0",
        "@aws-cdk/aws-sqs": "1.31.0",
        "@aws-cdk/aws-stepfunctions": "1.31.0",
        "@aws-cdk/core": "1.31.0",
        "constructs": "^2.0.0"
      }
    },
    "@aws-cdk/core": {
      "version": "1.31.0",
      "resolved": "https://registry.npmjs.org/@aws-cdk/core/-/core-1.31.0.tgz",
      "integrity": "sha512-HkrcYTCDlS4vjPRtibY70ZhuOAJz3qF+Wp2W/gy+zXGygy0U7bGC/2xwz8555LnYZTUeLEKghQgAFWGtatYEmw==",
      "dev": true,
      "requires": {
        "@aws-cdk/cx-api": "1.31.0",
        "constructs": "^2.0.0"
      }
    },
    "@aws-cdk/custom-resources": {
      "version": "1.31.0",
      "resolved": "https://registry.npmjs.org/@aws-cdk/custom-resources/-/custom-resources-1.31.0.tgz",
      "integrity": "sha512-hQCc1LWI1jwKWOxKcrzydTro7Mql+dxyzPMTabhsQxoDUUaqyOFPUbl2HoD4cwn3OZ5h6JPO68/0S1/CUta9nA==",
      "dev": true,
      "requires": {
        "@aws-cdk/aws-cloudformation": "1.31.0",
        "@aws-cdk/aws-iam": "1.31.0",
        "@aws-cdk/aws-lambda": "1.31.0",
        "@aws-cdk/aws-logs": "1.31.0",
        "@aws-cdk/aws-sns": "1.31.0",
        "@aws-cdk/aws-stepfunctions": "1.31.0",
        "@aws-cdk/aws-stepfunctions-tasks": "1.31.0",
        "@aws-cdk/core": "1.31.0",
        "constructs": "^2.0.0"
      }
    },
    "@aws-cdk/cx-api": {
      "version": "1.31.0",
      "resolved": "https://registry.npmjs.org/@aws-cdk/cx-api/-/cx-api-1.31.0.tgz",
      "integrity": "sha512-BV93+UJsboS5x96uVv1L2sfNzyPS93V8MDjd/DJZKYzdX/KgDfK8H8Zg+ZZM0HcBismfZka2Hy7idl2iPs/IQg==",
      "dev": true,
      "requires": {
        "semver": "^7.1.3"
      },
      "dependencies": {
        "semver": {
          "version": "7.1.3",
          "bundled": true,
          "dev": true
        }
      }
    },
    "@aws-cdk/region-info": {
      "version": "1.31.0",
      "resolved": "https://registry.npmjs.org/@aws-cdk/region-info/-/region-info-1.31.0.tgz",
      "integrity": "sha512-9l/VDmfW51AOTgCNxPw0zYfxXrsAOGNiAx1OJifPDjdn1YcXCo56W1+0l/qLqIOKnbR8wHDEeIsf+4v3IJp4qw==",
      "dev": true
    },
    "@types/aws-lambda": {
      "version": "8.10.47",
      "resolved": "https://registry.npmjs.org/@types/aws-lambda/-/aws-lambda-8.10.47.tgz",
      "integrity": "sha512-FIZjS1alDbH7qFpJxghmyS2g7h+DJjBj6Qhf2F4Nkz4LR+alTSvThQEAR2j9yRt7qlxDDxK/EagXDCURRSxo8A==",
      "dev": true
    },
    "@types/node": {
      "version": "13.11.0",
      "resolved": "https://registry.npmjs.org/@types/node/-/node-13.11.0.tgz",
      "integrity": "sha512-uM4mnmsIIPK/yeO+42F2RQhGUIs39K2RFmugcJANppXe6J1nvH87PvzPZYpza7Xhhs8Yn9yIAVdLZ84z61+0xQ==",
      "dev": true
    },
    "constructs": {
      "version": "2.0.1",
      "resolved": "https://registry.npmjs.org/constructs/-/constructs-2.0.1.tgz",
      "integrity": "sha512-edR85YFGI9TBT9byAo5vAfI0PRi+jFGzinwN3RAJwKfv6Yc9x9kALYfoEmgotp95qT7/k/iUQWHrH9BMJeqpdg==",
      "dev": true
    }
  }
}
